// !$*UTF8*$!
{
	archiveVersion = 1;
	classes = {
	};
	objectVersion = 50;
	objects = {

/* Begin PBXBuildFile section */
		105879BB25CF182500E86B66 /* AppDelegate.swift in Sources */ = {isa = PBXBuildFile; fileRef = 105879BA25CF182500E86B66 /* AppDelegate.swift */; };
		105879BD25CF182500E86B66 /* SceneDelegate.swift in Sources */ = {isa = PBXBuildFile; fileRef = 105879BC25CF182500E86B66 /* SceneDelegate.swift */; };
		105879BF25CF182500E86B66 /* ViewController.swift in Sources */ = {isa = PBXBuildFile; fileRef = 105879BE25CF182500E86B66 /* ViewController.swift */; };
		105879C225CF182500E86B66 /* Main.storyboard in Resources */ = {isa = PBXBuildFile; fileRef = 105879C025CF182500E86B66 /* Main.storyboard */; };
		105879C425CF182900E86B66 /* Assets.xcassets in Resources */ = {isa = PBXBuildFile; fileRef = 105879C325CF182900E86B66 /* Assets.xcassets */; };
		105879C725CF182900E86B66 /* LaunchScreen.storyboard in Resources */ = {isa = PBXBuildFile; fileRef = 105879C525CF182900E86B66 /* LaunchScreen.storyboard */; };
		105879D025CF1B2B00E86B66 /* MarkerInsertViewController.swift in Sources */ = {isa = PBXBuildFile; fileRef = 105879CF25CF1B2B00E86B66 /* MarkerInsertViewController.swift */; };
		105879D325CF1CF800E86B66 /* Models.swift in Sources */ = {isa = PBXBuildFile; fileRef = 105879D225CF1CF800E86B66 /* Models.swift */; };
		105879D725CF236600E86B66 /* Extensions.swift in Sources */ = {isa = PBXBuildFile; fileRef = 105879D625CF236600E86B66 /* Extensions.swift */; };
		105879DA25CF29B400E86B66 /* UIImageViewExtension.swift in Sources */ = {isa = PBXBuildFile; fileRef = 105879D925CF29B400E86B66 /* UIImageViewExtension.swift */; };
		28976E8525D13D9F00A2090F /* MarkerPreviewController.swift in Sources */ = {isa = PBXBuildFile; fileRef = 28976E8425D13D9F00A2090F /* MarkerPreviewController.swift */; };
/* End PBXBuildFile section */

/* Begin PBXFileReference section */
		105879B725CF182500E86B66 /* CAMarker.app */ = {isa = PBXFileReference; explicitFileType = wrapper.application; includeInIndex = 0; path = CAMarker.app; sourceTree = BUILT_PRODUCTS_DIR; };
		105879BA25CF182500E86B66 /* AppDelegate.swift */ = {isa = PBXFileReference; lastKnownFileType = sourcecode.swift; path = AppDelegate.swift; sourceTree = "<group>"; };
		105879BC25CF182500E86B66 /* SceneDelegate.swift */ = {isa = PBXFileReference; lastKnownFileType = sourcecode.swift; path = SceneDelegate.swift; sourceTree = "<group>"; };
		105879BE25CF182500E86B66 /* ViewController.swift */ = {isa = PBXFileReference; lastKnownFileType = sourcecode.swift; path = ViewController.swift; sourceTree = "<group>"; };
		105879C125CF182500E86B66 /* Base */ = {isa = PBXFileReference; lastKnownFileType = file.storyboard; name = Base; path = Base.lproj/Main.storyboard; sourceTree = "<group>"; };
		105879C325CF182900E86B66 /* Assets.xcassets */ = {isa = PBXFileReference; lastKnownFileType = folder.assetcatalog; path = Assets.xcassets; sourceTree = "<group>"; };
		105879C625CF182900E86B66 /* Base */ = {isa = PBXFileReference; lastKnownFileType = file.storyboard; name = Base; path = Base.lproj/LaunchScreen.storyboard; sourceTree = "<group>"; };
		105879C825CF182900E86B66 /* Info.plist */ = {isa = PBXFileReference; lastKnownFileType = text.plist.xml; path = Info.plist; sourceTree = "<group>"; };
		105879CF25CF1B2B00E86B66 /* MarkerInsertViewController.swift */ = {isa = PBXFileReference; lastKnownFileType = sourcecode.swift; path = MarkerInsertViewController.swift; sourceTree = "<group>"; };
		105879D225CF1CF800E86B66 /* Models.swift */ = {isa = PBXFileReference; lastKnownFileType = sourcecode.swift; path = Models.swift; sourceTree = "<group>"; };
		105879D625CF236600E86B66 /* Extensions.swift */ = {isa = PBXFileReference; lastKnownFileType = sourcecode.swift; path = Extensions.swift; sourceTree = "<group>"; };
		105879D925CF29B400E86B66 /* UIImageViewExtension.swift */ = {isa = PBXFileReference; lastKnownFileType = sourcecode.swift; path = UIImageViewExtension.swift; sourceTree = "<group>"; };
		28976E8425D13D9F00A2090F /* MarkerPreviewController.swift */ = {isa = PBXFileReference; lastKnownFileType = sourcecode.swift; path = MarkerPreviewController.swift; sourceTree = "<group>"; };
/* End PBXFileReference section */

/* Begin PBXFrameworksBuildPhase section */
		105879B425CF182500E86B66 /* Frameworks */ = {
			isa = PBXFrameworksBuildPhase;
			buildActionMask = 2147483647;
			files = (
			);
			runOnlyForDeploymentPostprocessing = 0;
		};
/* End PBXFrameworksBuildPhase section */

/* Begin PBXGroup section */
		105879AE25CF182500E86B66 = {
			isa = PBXGroup;
			children = (
				105879B925CF182500E86B66 /* CAMarker */,
				105879B825CF182500E86B66 /* Products */,
			);
			sourceTree = "<group>";
		};
		105879B825CF182500E86B66 /* Products */ = {
			isa = PBXGroup;
			children = (
				105879B725CF182500E86B66 /* CAMarker.app */,
			);
			name = Products;
			sourceTree = "<group>";
		};
		105879B925CF182500E86B66 /* CAMarker */ = {
			isa = PBXGroup;
			children = (
				105879BA25CF182500E86B66 /* AppDelegate.swift */,
				105879BC25CF182500E86B66 /* SceneDelegate.swift */,
				105879BE25CF182500E86B66 /* ViewController.swift */,
				105879CF25CF1B2B00E86B66 /* MarkerInsertViewController.swift */,
				28976E8425D13D9F00A2090F /* MarkerPreviewController.swift */,
				105879D225CF1CF800E86B66 /* Models.swift */,
				105879D925CF29B400E86B66 /* UIImageViewExtension.swift */,
				105879D625CF236600E86B66 /* Extensions.swift */,
				105879C025CF182500E86B66 /* Main.storyboard */,
				105879C325CF182900E86B66 /* Assets.xcassets */,
				105879C525CF182900E86B66 /* LaunchScreen.storyboard */,
				105879C825CF182900E86B66 /* Info.plist */,
			);
			path = CAMarker;
			sourceTree = "<group>";
		};
/* End PBXGroup section */

/* Begin PBXNativeTarget section */
		105879B625CF182500E86B66 /* CAMarker */ = {
			isa = PBXNativeTarget;
			buildConfigurationList = 105879CB25CF182900E86B66 /* Build configuration list for PBXNativeTarget "CAMarker" */;
			buildPhases = (
				105879B325CF182500E86B66 /* Sources */,
				105879B425CF182500E86B66 /* Frameworks */,
				105879B525CF182500E86B66 /* Resources */,
			);
			buildRules = (
			);
			dependencies = (
			);
			name = CAMarker;
			productName = CAMarker;
			productReference = 105879B725CF182500E86B66 /* CAMarker.app */;
			productType = "com.apple.product-type.application";
		};
/* End PBXNativeTarget section */

/* Begin PBXProject section */
		105879AF25CF182500E86B66 /* Project object */ = {
			isa = PBXProject;
			attributes = {
				LastSwiftUpdateCheck = 1230;
				LastUpgradeCheck = 1230;
				TargetAttributes = {
					105879B625CF182500E86B66 = {
						CreatedOnToolsVersion = 12.3;
					};
				};
			};
			buildConfigurationList = 105879B225CF182500E86B66 /* Build configuration list for PBXProject "CAMarker" */;
			compatibilityVersion = "Xcode 9.3";
			developmentRegion = en;
			hasScannedForEncodings = 0;
			knownRegions = (
				en,
				Base,
			);
			mainGroup = 105879AE25CF182500E86B66;
			productRefGroup = 105879B825CF182500E86B66 /* Products */;
			projectDirPath = "";
			projectRoot = "";
			targets = (
				105879B625CF182500E86B66 /* CAMarker */,
			);
		};
/* End PBXProject section */

/* Begin PBXResourcesBuildPhase section */
		105879B525CF182500E86B66 /* Resources */ = {
			isa = PBXResourcesBuildPhase;
			buildActionMask = 2147483647;
			files = (
				105879C725CF182900E86B66 /* LaunchScreen.storyboard in Resources */,
				105879C425CF182900E86B66 /* Assets.xcassets in Resources */,
				105879C225CF182500E86B66 /* Main.storyboard in Resources */,
			);
			runOnlyForDeploymentPostprocessing = 0;
		};
/* End PBXResourcesBuildPhase section */

/* Begin PBXSourcesBuildPhase section */
		105879B325CF182500E86B66 /* Sources */ = {
			isa = PBXSourcesBuildPhase;
			buildActionMask = 2147483647;
			files = (
				28976E8525D13D9F00A2090F /* MarkerPreviewController.swift in Sources */,
				105879BF25CF182500E86B66 /* ViewController.swift in Sources */,
				105879DA25CF29B400E86B66 /* UIImageViewExtension.swift in Sources */,
				105879D725CF236600E86B66 /* Extensions.swift in Sources */,
				105879BB25CF182500E86B66 /* AppDelegate.swift in Sources */,
				105879D025CF1B2B00E86B66 /* MarkerInsertViewController.swift in Sources */,
				105879BD25CF182500E86B66 /* SceneDelegate.swift in Sources */,
				105879D325CF1CF800E86B66 /* Models.swift in Sources */,
			);
			runOnlyForDeploymentPostprocessing = 0;
		};
/* End PBXSourcesBuildPhase section */

/* Begin PBXVariantGroup section */
		105879C025CF182500E86B66 /* Main.storyboard */ = {
			isa = PBXVariantGroup;
			children = (
				105879C125CF182500E86B66 /* Base */,
			);
			name = Main.storyboard;
			sourceTree = "<group>";
		};
		105879C525CF182900E86B66 /* LaunchScreen.storyboard */ = {
			isa = PBXVariantGroup;
			children = (
				105879C625CF182900E86B66 /* Base */,
			);
			name = LaunchScreen.storyboard;
			sourceTree = "<group>";
		};
/* End PBXVariantGroup section */

/* Begin XCBuildConfiguration section */
		105879C925CF182900E86B66 /* Debug */ = {
			isa = XCBuildConfiguration;
			buildSettings = {
				ALWAYS_SEARCH_USER_PATHS = NO;
				CLANG_ANALYZER_NONNULL = YES;
				CLANG_ANALYZER_NUMBER_OBJECT_CONVERSION = YES_AGGRESSIVE;
				CLANG_CXX_LANGUAGE_STANDARD = "gnu++14";
				CLANG_CXX_LIBRARY = "libc++";
				CLANG_ENABLE_MODULES = YES;
				CLANG_ENABLE_OBJC_ARC = YES;
				CLANG_ENABLE_OBJC_WEAK = YES;
				CLANG_WARN_BLOCK_CAPTURE_AUTORELEASING = YES;
				CLANG_WARN_BOOL_CONVERSION = YES;
				CLANG_WARN_COMMA = YES;
				CLANG_WARN_CONSTANT_CONVERSION = YES;
				CLANG_WARN_DEPRECATED_OBJC_IMPLEMENTATIONS = YES;
				CLANG_WARN_DIRECT_OBJC_ISA_USAGE = YES_ERROR;
				CLANG_WARN_DOCUMENTATION_COMMENTS = YES;
				CLANG_WARN_EMPTY_BODY = YES;
				CLANG_WARN_ENUM_CONVERSION = YES;
				CLANG_WARN_INFINITE_RECURSION = YES;
				CLANG_WARN_INT_CONVERSION = YES;
				CLANG_WARN_NON_LITERAL_NULL_CONVERSION = YES;
				CLANG_WARN_OBJC_IMPLICIT_RETAIN_SELF = YES;
				CLANG_WARN_OBJC_LITERAL_CONVERSION = YES;
				CLANG_WARN_OBJC_ROOT_CLASS = YES_ERROR;
				CLANG_WARN_QUOTED_INCLUDE_IN_FRAMEWORK_HEADER = YES;
				CLANG_WARN_RANGE_LOOP_ANALYSIS = YES;
				CLANG_WARN_STRICT_PROTOTYPES = YES;
				CLANG_WARN_SUSPICIOUS_MOVE = YES;
				CLANG_WARN_UNGUARDED_AVAILABILITY = YES_AGGRESSIVE;
				CLANG_WARN_UNREACHABLE_CODE = YES;
				CLANG_WARN__DUPLICATE_METHOD_MATCH = YES;
				COPY_PHASE_STRIP = NO;
				DEBUG_INFORMATION_FORMAT = dwarf;
				ENABLE_STRICT_OBJC_MSGSEND = YES;
				ENABLE_TESTABILITY = YES;
				GCC_C_LANGUAGE_STANDARD = gnu11;
				GCC_DYNAMIC_NO_PIC = NO;
				GCC_NO_COMMON_BLOCKS = YES;
				GCC_OPTIMIZATION_LEVEL = 0;
				GCC_PREPROCESSOR_DEFINITIONS = (
					"DEBUG=1",
					"$(inherited)",
				);
				GCC_WARN_64_TO_32_BIT_CONVERSION = YES;
				GCC_WARN_ABOUT_RETURN_TYPE = YES_ERROR;
				GCC_WARN_UNDECLARED_SELECTOR = YES;
				GCC_WARN_UNINITIALIZED_AUTOS = YES_AGGRESSIVE;
				GCC_WARN_UNUSED_FUNCTION = YES;
				GCC_WARN_UNUSED_VARIABLE = YES;
				IPHONEOS_DEPLOYMENT_TARGET = 14.3;
				MTL_ENABLE_DEBUG_INFO = INCLUDE_SOURCE;
				MTL_FAST_MATH = YES;
				ONLY_ACTIVE_ARCH = YES;
				SDKROOT = iphoneos;
				SWIFT_ACTIVE_COMPILATION_CONDITIONS = DEBUG;
				SWIFT_OPTIMIZATION_LEVEL = "-Onone";
			};
			name = Debug;
		};
		105879CA25CF182900E86B66 /* Release */ = {
			isa = XCBuildConfiguration;
			buildSettings = {
				ALWAYS_SEARCH_USER_PATHS = NO;
				CLANG_ANALYZER_NONNULL = YES;
				CLANG_ANALYZER_NUMBER_OBJECT_CONVERSION = YES_AGGRESSIVE;
				CLANG_CXX_LANGUAGE_STANDARD = "gnu++14";
				CLANG_CXX_LIBRARY = "libc++";
				CLANG_ENABLE_MODULES = YES;
				CLANG_ENABLE_OBJC_ARC = YES;
				CLANG_ENABLE_OBJC_WEAK = YES;
				CLANG_WARN_BLOCK_CAPTURE_AUTORELEASING = YES;
				CLANG_WARN_BOOL_CONVERSION = YES;
				CLANG_WARN_COMMA = YES;
				CLANG_WARN_CONSTANT_CONVERSION = YES;
				CLANG_WARN_DEPRECATED_OBJC_IMPLEMENTATIONS = YES;
				CLANG_WARN_DIRECT_OBJC_ISA_USAGE = YES_ERROR;
				CLANG_WARN_DOCUMENTATION_COMMENTS = YES;
				CLANG_WARN_EMPTY_BODY = YES;
				CLANG_WARN_ENUM_CONVERSION = YES;
				CLANG_WARN_INFINITE_RECURSION = YES;
				CLANG_WARN_INT_CONVERSION = YES;
				CLANG_WARN_NON_LITERAL_NULL_CONVERSION = YES;
				CLANG_WARN_OBJC_IMPLICIT_RETAIN_SELF = YES;
				CLANG_WARN_OBJC_LITERAL_CONVERSION = YES;
				CLANG_WARN_OBJC_ROOT_CLASS = YES_ERROR;
				CLANG_WARN_QUOTED_INCLUDE_IN_FRAMEWORK_HEADER = YES;
				CLANG_WARN_RANGE_LOOP_ANALYSIS = YES;
				CLANG_WARN_STRICT_PROTOTYPES = YES;
				CLANG_WARN_SUSPICIOUS_MOVE = YES;
				CLANG_WARN_UNGUARDED_AVAILABILITY = YES_AGGRESSIVE;
				CLANG_WARN_UNREACHABLE_CODE = YES;
				CLANG_WARN__DUPLICATE_METHOD_MATCH = YES;
				COPY_PHASE_STRIP = NO;
				DEBUG_INFORMATION_FORMAT = "dwarf-with-dsym";
				ENABLE_NS_ASSERTIONS = NO;
				ENABLE_STRICT_OBJC_MSGSEND = YES;
				GCC_C_LANGUAGE_STANDARD = gnu11;
				GCC_NO_COMMON_BLOCKS = YES;
				GCC_WARN_64_TO_32_BIT_CONVERSION = YES;
				GCC_WARN_ABOUT_RETURN_TYPE = YES_ERROR;
				GCC_WARN_UNDECLARED_SELECTOR = YES;
				GCC_WARN_UNINITIALIZED_AUTOS = YES_AGGRESSIVE;
				GCC_WARN_UNUSED_FUNCTION = YES;
				GCC_WARN_UNUSED_VARIABLE = YES;
				IPHONEOS_DEPLOYMENT_TARGET = 14.3;
				MTL_ENABLE_DEBUG_INFO = NO;
				MTL_FAST_MATH = YES;
				SDKROOT = iphoneos;
				SWIFT_COMPILATION_MODE = wholemodule;
				SWIFT_OPTIMIZATION_LEVEL = "-O";
				VALIDATE_PRODUCT = YES;
			};
			name = Release;
		};
		105879CC25CF182900E86B66 /* Debug */ = {
			isa = XCBuildConfiguration;
			buildSettings = {
				ASSETCATALOG_COMPILER_APPICON_NAME = AppIcon;
				ASSETCATALOG_COMPILER_GLOBAL_ACCENT_COLOR_NAME = AccentColor;
				CODE_SIGN_STYLE = Automatic;
				DEVELOPMENT_TEAM = 87D55FRX5N;
				INFOPLIST_FILE = CAMarker/Info.plist;
				IPHONEOS_DEPLOYMENT_TARGET = 13.0;
				LD_RUNPATH_SEARCH_PATHS = (
					"$(inherited)",
					"@executable_path/Frameworks",
				);
				PRODUCT_BUNDLE_IDENTIFIER = com.example.CAMarker;
				PRODUCT_NAME = "$(TARGET_NAME)";
				SWIFT_VERSION = 5.0;
				TARGETED_DEVICE_FAMILY = "1,2";
			};
			name = Debug;
		};
		105879CD25CF182900E86B66 /* Release */ = {
			isa = XCBuildConfiguration;
			buildSettings = {
				ASSETCATALOG_COMPILER_APPICON_NAME = AppIcon;
				ASSETCATALOG_COMPILER_GLOBAL_ACCENT_COLOR_NAME = AccentColor;
				CODE_SIGN_STYLE = Automatic;
				DEVELOPMENT_TEAM = 87D55FRX5N;
				INFOPLIST_FILE = CAMarker/Info.plist;
				IPHONEOS_DEPLOYMENT_TARGET = 13.0;
				LD_RUNPATH_SEARCH_PATHS = (
					"$(inherited)",
					"@executable_path/Frameworks",
				);
				PRODUCT_BUNDLE_IDENTIFIER = com.example.CAMarker;
				PRODUCT_NAME = "$(TARGET_NAME)";
				SWIFT_VERSION = 5.0;
				TARGETED_DEVICE_FAMILY = "1,2";
			};
			name = Release;
		};
/* End XCBuildConfiguration section */

/* Begin XCConfigurationList section */
		105879B225CF182500E86B66 /* Build configuration list for PBXProject "CAMarker" */ = {
			isa = XCConfigurationList;
			buildConfigurations = (
				105879C925CF182900E86B66 /* Debug */,
				105879CA25CF182900E86B66 /* Release */,
			);
			defaultConfigurationIsVisible = 0;
			defaultConfigurationName = Release;
		};
		105879CB25CF182900E86B66 /* Build configuration list for PBXNativeTarget "CAMarker" */ = {
			isa = XCConfigurationList;
			buildConfigurations = (
				105879CC25CF182900E86B66 /* Debug */,
				105879CD25CF182900E86B66 /* Release */,
			);
			defaultConfigurationIsVisible = 0;
			defaultConfigurationName = Release;
		};
/* End XCConfigurationList section */
	};
	rootObject = 105879AF25CF182500E86B66 /* Project object */;
}
